
Microsoft Visual Studio Solution File, Format Version 12.00
# Visual Studio Version 17
VisualStudioVersion = 17.6.33723.286
MinimumVisualStudioVersion = 10.0.40219.1
Project("{9A19103F-16F7-4668-BE54-9A1E7A4F7556}") = "BeautyHall.Api", "BeautyHall.Api\Api\BeautyHall.Api\BeautyHall.Api.csproj", "{A2DB8267-6C43-4240-85CA-12865AAF31E4}"
EndProject
Project("{9A19103F-16F7-4668-BE54-9A1E7A4F7556}") = "BeautyHall.Models.Db", "BeautyHall.Api\Models\BeautyHall.Models.Db\BeautyHall.Models.Db.csproj", "{4BC4ECA3-F918-4B41-85CC-D4C9C3A8AC9D}"
EndProject
Project("{2150E333-8FDC-42A3-9474-1A3956D46DE8}") = "Api", "Api", "{EE9DC151-EE94-40A7-9101-476F6C0E10DC}"
EndProject
Project("{2150E333-8FDC-42A3-9474-1A3956D46DE8}") = "Models", "Models", "{7E8CA28B-765A-4C8A-ADB6-4DCF6221F248}"
EndProject
Project("{2150E333-8FDC-42A3-9474-1A3956D46DE8}") = "DAL", "DAL", "{47025594-76C7-4296-A700-ED72B198D5F9}"
EndProject
Project("{9A19103F-16F7-4668-BE54-9A1E7A4F7556}") = "BeautyHall.DAL.DB", "BeautyHall.Api\BeautyHall.DAL.DB\BeautyHall.DAL.DB.csproj", "{30263E87-E208-4468-BB14-666E6B99F65B}"
EndProject
Project("{9A19103F-16F7-4668-BE54-9A1E7A4F7556}") = "BeautyHall.Models.Common", "BeautyHall.Api\BeautyHall.Models.Common\BeautyHall.Models.Common.csproj", "{211E0797-C2CD-46D3-8888-87B49AFDE84D}"
EndProject
Project("{9A19103F-16F7-4668-BE54-9A1E7A4F7556}") = "BeautyHall.Models.Dto", "BeautyHall.Api\BeautyHall.Models.Dto\BeautyHall.Models.Dto.csproj", "{ECCB8B06-5EB9-4418-B1E8-B5F52F33A3C8}"
EndProject
Project("{2150E333-8FDC-42A3-9474-1A3956D46DE8}") = "Database", "Database", "{21F71A8B-6C66-4536-A724-A6DB9ADB5AA7}"
EndProject
Project("{00D1A9C2-B5F0-4AF3-8072-F6C62B433612}") = "BeautyHall.Database", "BeautyHall.Api\BeautyHall.Database\BeautyHall.Database.sqlproj", "{760DD361-52BE-4802-9CCF-78212D864F7D}"
EndProject
Project("{2150E333-8FDC-42A3-9474-1A3956D46DE8}") = "SDK", "SDK", "{1207F600-451E-4B29-A98F-2AB42A067258}"
EndProject
Project("{9A19103F-16F7-4668-BE54-9A1E7A4F7556}") = "BeautyHall.Api.SDK", "BeautyHall.Api\BeautyHall.Api.SDK\BeautyHall.Api.SDK.csproj", "{4C4932EF-4EF7-436B-A665-80E3D30973A9}"
EndProject
Project("{2150E333-8FDC-42A3-9474-1A3956D46DE8}") = "BeautyHall.Api", "BeautyHall.Api", "{43AD630C-CC1B-46D8-8B01-C344EB8001B0}"
EndProject
Project("{2150E333-8FDC-42A3-9474-1A3956D46DE8}") = "BeautyHall.Winforms", "BeautyHall.Winforms", "{91D96FF8-CE3E-4465-AFAD-969B1BEF9CF2}"
EndProject
Project("{9A19103F-16F7-4668-BE54-9A1E7A4F7556}") = "BSMS.Winforms", "BeautyHall.Winforms\BSMS.Winforms\BSMS.Winforms.csproj", "{4AFAF876-4DCE-435D-892F-5BD095F160CE}"
EndProject
Global
	GlobalSection(SolutionConfigurationPlatforms) = preSolution
		Debug|Any CPU = Debug|Any CPU
		Release|Any CPU = Release|Any CPU
	EndGlobalSection
	GlobalSection(ProjectConfigurationPlatforms) = postSolution
		{A2DB8267-6C43-4240-85CA-12865AAF31E4}.Debug|Any CPU.ActiveCfg = Debug|Any CPU
		{A2DB8267-6C43-4240-85CA-12865AAF31E4}.Debug|Any CPU.Build.0 = Debug|Any CPU
		{A2DB8267-6C43-4240-85CA-12865AAF31E4}.Release|Any CPU.ActiveCfg = Release|Any CPU
		{A2DB8267-6C43-4240-85CA-12865AAF31E4}.Release|Any CPU.Build.0 = Release|Any CPU
		{4BC4ECA3-F918-4B41-85CC-D4C9C3A8AC9D}.Debug|Any CPU.ActiveCfg = Debug|Any CPU
		{4BC4ECA3-F918-4B41-85CC-D4C9C3A8AC9D}.Debug|Any CPU.Build.0 = Debug|Any CPU
		{4BC4ECA3-F918-4B41-85CC-D4C9C3A8AC9D}.Release|Any CPU.ActiveCfg = Release|Any CPU
		{4BC4ECA3-F918-4B41-85CC-D4C9C3A8AC9D}.Release|Any CPU.Build.0 = Release|Any CPU
		{30263E87-E208-4468-BB14-666E6B99F65B}.Debug|Any CPU.ActiveCfg = Debug|Any CPU
		{30263E87-E208-4468-BB14-666E6B99F65B}.Debug|Any CPU.Build.0 = Debug|Any CPU
		{30263E87-E208-4468-BB14-666E6B99F65B}.Release|Any CPU.ActiveCfg = Release|Any CPU
		{30263E87-E208-4468-BB14-666E6B99F65B}.Release|Any CPU.Build.0 = Release|Any CPU
		{211E0797-C2CD-46D3-8888-87B49AFDE84D}.Debug|Any CPU.ActiveCfg = Debug|Any CPU
		{211E0797-C2CD-46D3-8888-87B49AFDE84D}.Debug|Any CPU.Build.0 = Debug|Any CPU
		{211E0797-C2CD-46D3-8888-87B49AFDE84D}.Release|Any CPU.ActiveCfg = Release|Any CPU
		{211E0797-C2CD-46D3-8888-87B49AFDE84D}.Release|Any CPU.Build.0 = Release|Any CPU
		{ECCB8B06-5EB9-4418-B1E8-B5F52F33A3C8}.Debug|Any CPU.ActiveCfg = Debug|Any CPU
		{ECCB8B06-5EB9-4418-B1E8-B5F52F33A3C8}.Debug|Any CPU.Build.0 = Debug|Any CPU
		{ECCB8B06-5EB9-4418-B1E8-B5F52F33A3C8}.Release|Any CPU.ActiveCfg = Release|Any CPU
		{ECCB8B06-5EB9-4418-B1E8-B5F52F33A3C8}.Release|Any CPU.Build.0 = Release|Any CPU
		{760DD361-52BE-4802-9CCF-78212D864F7D}.Debug|Any CPU.ActiveCfg = Debug|Any CPU
		{760DD361-52BE-4802-9CCF-78212D864F7D}.Debug|Any CPU.Build.0 = Debug|Any CPU
		{760DD361-52BE-4802-9CCF-78212D864F7D}.Debug|Any CPU.Deploy.0 = Debug|Any CPU
		{760DD361-52BE-4802-9CCF-78212D864F7D}.Release|Any CPU.ActiveCfg = Release|Any CPU
		{760DD361-52BE-4802-9CCF-78212D864F7D}.Release|Any CPU.Build.0 = Release|Any CPU
		{760DD361-52BE-4802-9CCF-78212D864F7D}.Release|Any CPU.Deploy.0 = Release|Any CPU
		{4C4932EF-4EF7-436B-A665-80E3D30973A9}.Debug|Any CPU.ActiveCfg = Debug|Any CPU
		{4C4932EF-4EF7-436B-A665-80E3D30973A9}.Debug|Any CPU.Build.0 = Debug|Any CPU
		{4C4932EF-4EF7-436B-A665-80E3D30973A9}.Release|Any CPU.ActiveCfg = Release|Any CPU
		{4C4932EF-4EF7-436B-A665-80E3D30973A9}.Release|Any CPU.Build.0 = Release|Any CPU
		{4AFAF876-4DCE-435D-892F-5BD095F160CE}.Debug|Any CPU.ActiveCfg = Debug|Any CPU
		{4AFAF876-4DCE-435D-892F-5BD095F160CE}.Debug|Any CPU.Build.0 = Debug|Any CPU
		{4AFAF876-4DCE-435D-892F-5BD095F160CE}.Release|Any CPU.ActiveCfg = Release|Any CPU
		{4AFAF876-4DCE-435D-892F-5BD095F160CE}.Release|Any CPU.Build.0 = Release|Any CPU
	EndGlobalSection
	GlobalSection(SolutionProperties) = preSolution
		HideSolutionNode = FALSE
	EndGlobalSection
	GlobalSection(NestedProjects) = preSolution
		{A2DB8267-6C43-4240-85CA-12865AAF31E4} = {EE9DC151-EE94-40A7-9101-476F6C0E10DC}
		{4BC4ECA3-F918-4B41-85CC-D4C9C3A8AC9D} = {7E8CA28B-765A-4C8A-ADB6-4DCF6221F248}
		{EE9DC151-EE94-40A7-9101-476F6C0E10DC} = {43AD630C-CC1B-46D8-8B01-C344EB8001B0}
		{7E8CA28B-765A-4C8A-ADB6-4DCF6221F248} = {43AD630C-CC1B-46D8-8B01-C344EB8001B0}
		{47025594-76C7-4296-A700-ED72B198D5F9} = {43AD630C-CC1B-46D8-8B01-C344EB8001B0}
		{30263E87-E208-4468-BB14-666E6B99F65B} = {47025594-76C7-4296-A700-ED72B198D5F9}
		{211E0797-C2CD-46D3-8888-87B49AFDE84D} = {7E8CA28B-765A-4C8A-ADB6-4DCF6221F248}
		{ECCB8B06-5EB9-4418-B1E8-B5F52F33A3C8} = {7E8CA28B-765A-4C8A-ADB6-4DCF6221F248}
		{21F71A8B-6C66-4536-A724-A6DB9ADB5AA7} = {43AD630C-CC1B-46D8-8B01-C344EB8001B0}
		{760DD361-52BE-4802-9CCF-78212D864F7D} = {21F71A8B-6C66-4536-A724-A6DB9ADB5AA7}
		{1207F600-451E-4B29-A98F-2AB42A067258} = {43AD630C-CC1B-46D8-8B01-C344EB8001B0}
		{4C4932EF-4EF7-436B-A665-80E3D30973A9} = {1207F600-451E-4B29-A98F-2AB42A067258}
		{4AFAF876-4DCE-435D-892F-5BD095F160CE} = {91D96FF8-CE3E-4465-AFAD-969B1BEF9CF2}
	EndGlobalSection
	GlobalSection(ExtensibilityGlobals) = postSolution
		SolutionGuid = {52A714D0-5BD9-4476-971C-46FA87B67227}
	EndGlobalSection
EndGlobal
